
Microsoft Visual Studio Solution File, Format Version 12.00
# Visual Studio Version 16
VisualStudioVersion = 16.0.30804.86
MinimumVisualStudioVersion = 10.0.40219.1
Project("{9A19103F-16F7-4668-BE54-9A1E7A4F7556}") = "CslaModelTemplates.WebApi", "CslaModelTemplates.WebApi\CslaModelTemplates.WebApi.csproj", "{3F6B97BD-100C-4C0C-AC62-1F095AE42A59}"
EndProject
Project("{9A19103F-16F7-4668-BE54-9A1E7A4F7556}") = "CslaModelTemplates.Common", "CslaModelTemplates.Common\CslaModelTemplates.Common.csproj", "{F87E3749-CE8B-47FB-8CBF-752A987EDD39}"
EndProject
Project("{9A19103F-16F7-4668-BE54-9A1E7A4F7556}") = "CslaModelTemplates.Contracts", "CslaModelTemplates.Contracts\CslaModelTemplates.Contracts.csproj", "{FA91D4DA-F52A-4BB5-BB02-36165368B50D}"
EndProject
Project("{9A19103F-16F7-4668-BE54-9A1E7A4F7556}") = "CslaModelTemplates.Dal", "CslaModelTemplates.Dal\CslaModelTemplates.Dal.csproj", "{AF683A00-7411-4429-8B7F-3ECE17811922}"
EndProject
Project("{9A19103F-16F7-4668-BE54-9A1E7A4F7556}") = "CslaModelTemplates.Models", "CslaModelTemplates.Models\CslaModelTemplates.Models.csproj", "{709B21B4-AA4A-42B9-8C8F-1B796196BEF5}"
EndProject
Project("{9A19103F-16F7-4668-BE54-9A1E7A4F7556}") = "CslaModelTemplates.Resources", "CslaModelTemplates.Resources\CslaModelTemplates.Resources.csproj", "{345ED0AD-A124-4251-941C-36DB5A200DC4}"
EndProject
Project("{2150E333-8FDC-42A3-9474-1A3956D46DE8}") = "Solution Items", "Solution Items", "{E392C8C5-DAB9-4F05-A6B4-52F7D5C4F8B9}"
	ProjectSection(SolutionItems) = preProject
		Complex.png = Complex.png
		Junction.png = Junction.png
		README.md = README.md
		Simple.png = Simple.png
		Tree.png = Tree.png
	EndProjectSection
EndProject
Project("{9A19103F-16F7-4668-BE54-9A1E7A4F7556}") = "CslaModelTemplates.Dal.MySql", "CslaModelTemplates.Dal.MySql\CslaModelTemplates.Dal.MySql.csproj", "{F279BD48-58A2-4A30-8402-FF3B3CFAEE97}"
EndProject
Project("{9A19103F-16F7-4668-BE54-9A1E7A4F7556}") = "CslaModelTemplates.Dal.SqlServer", "CslaModelTemplates.Dal.SqlServer\CslaModelTemplates.Dal.SqlServer.csproj", "{07EE08BE-C634-44CF-A0ED-7142876CE47A}"
EndProject
Project("{9A19103F-16F7-4668-BE54-9A1E7A4F7556}") = "CslaModelTemplates.WebApiTests", "CslaModelTemplates.WebApiTests\CslaModelTemplates.WebApiTests.csproj", "{B228C225-EF42-4316-86BF-9A12FDE594D1}"
EndProject
Global
	GlobalSection(SolutionConfigurationPlatforms) = preSolution
		Debug|Any CPU = Debug|Any CPU
		Release|Any CPU = Release|Any CPU
	EndGlobalSection
	GlobalSection(ProjectConfigurationPlatforms) = postSolution
		{3F6B97BD-100C-4C0C-AC62-1F095AE42A59}.Debug|Any CPU.ActiveCfg = Debug|Any CPU
		{3F6B97BD-100C-4C0C-AC62-1F095AE42A59}.Debug|Any CPU.Build.0 = Debug|Any CPU
		{3F6B97BD-100C-4C0C-AC62-1F095AE42A59}.Release|Any CPU.ActiveCfg = Release|Any CPU
		{3F6B97BD-100C-4C0C-AC62-1F095AE42A59}.Release|Any CPU.Build.0 = Release|Any CPU
		{F87E3749-CE8B-47FB-8CBF-752A987EDD39}.Debug|Any CPU.ActiveCfg = Debug|Any CPU
		{F87E3749-CE8B-47FB-8CBF-752A987EDD39}.Debug|Any CPU.Build.0 = Debug|Any CPU
		{F87E3749-CE8B-47FB-8CBF-752A987EDD39}.Release|Any CPU.ActiveCfg = Release|Any CPU
		{F87E3749-CE8B-47FB-8CBF-752A987EDD39}.Release|Any CPU.Build.0 = Release|Any CPU
		{FA91D4DA-F52A-4BB5-BB02-36165368B50D}.Debug|Any CPU.ActiveCfg = Debug|Any CPU
		{FA91D4DA-F52A-4BB5-BB02-36165368B50D}.Debug|Any CPU.Build.0 = Debug|Any CPU
		{FA91D4DA-F52A-4BB5-BB02-36165368B50D}.Release|Any CPU.ActiveCfg = Release|Any CPU
		{FA91D4DA-F52A-4BB5-BB02-36165368B50D}.Release|Any CPU.Build.0 = Release|Any CPU
		{AF683A00-7411-4429-8B7F-3ECE17811922}.Debug|Any CPU.ActiveCfg = Debug|Any CPU
		{AF683A00-7411-4429-8B7F-3ECE17811922}.Debug|Any CPU.Build.0 = Debug|Any CPU
		{AF683A00-7411-4429-8B7F-3ECE17811922}.Release|Any CPU.ActiveCfg = Release|Any CPU
		{AF683A00-7411-4429-8B7F-3ECE17811922}.Release|Any CPU.Build.0 = Release|Any CPU
		{709B21B4-AA4A-42B9-8C8F-1B796196BEF5}.Debug|Any CPU.ActiveCfg = Debug|Any CPU
		{709B21B4-AA4A-42B9-8C8F-1B796196BEF5}.Debug|Any CPU.Build.0 = Debug|Any CPU
		{709B21B4-AA4A-42B9-8C8F-1B796196BEF5}.Release|Any CPU.ActiveCfg = Release|Any CPU
		{709B21B4-AA4A-42B9-8C8F-1B796196BEF5}.Release|Any CPU.Build.0 = Release|Any CPU
		{345ED0AD-A124-4251-941C-36DB5A200DC4}.Debug|Any CPU.ActiveCfg = Debug|Any CPU
		{345ED0AD-A124-4251-941C-36DB5A200DC4}.Debug|Any CPU.Build.0 = Debug|Any CPU
		{345ED0AD-A124-4251-941C-36DB5A200DC4}.Release|Any CPU.ActiveCfg = Release|Any CPU
		{345ED0AD-A124-4251-941C-36DB5A200DC4}.Release|Any CPU.Build.0 = Release|Any CPU
		{F279BD48-58A2-4A30-8402-FF3B3CFAEE97}.Debug|Any CPU.ActiveCfg = Debug|Any CPU
		{F279BD48-58A2-4A30-8402-FF3B3CFAEE97}.Debug|Any CPU.Build.0 = Debug|Any CPU
		{F279BD48-58A2-4A30-8402-FF3B3CFAEE97}.Release|Any CPU.ActiveCfg = Release|Any CPU
		{F279BD48-58A2-4A30-8402-FF3B3CFAEE97}.Release|Any CPU.Build.0 = Release|Any CPU
		{07EE08BE-C634-44CF-A0ED-7142876CE47A}.Debug|Any CPU.ActiveCfg = Debug|Any CPU
		{07EE08BE-C634-44CF-A0ED-7142876CE47A}.Debug|Any CPU.Build.0 = Debug|Any CPU
		{07EE08BE-C634-44CF-A0ED-7142876CE47A}.Release|Any CPU.ActiveCfg = Release|Any CPU
		{07EE08BE-C634-44CF-A0ED-7142876CE47A}.Release|Any CPU.Build.0 = Release|Any CPU
		{B228C225-EF42-4316-86BF-9A12FDE594D1}.Debug|Any CPU.ActiveCfg = Debug|Any CPU
		{B228C225-EF42-4316-86BF-9A12FDE594D1}.Debug|Any CPU.Build.0 = Debug|Any CPU
		{B228C225-EF42-4316-86BF-9A12FDE594D1}.Release|Any CPU.ActiveCfg = Release|Any CPU
		{B228C225-EF42-4316-86BF-9A12FDE594D1}.Release|Any CPU.Build.0 = Release|Any CPU
	EndGlobalSection
	GlobalSection(SolutionProperties) = preSolution
		HideSolutionNode = FALSE
	EndGlobalSection
	GlobalSection(ExtensibilityGlobals) = postSolution
		SolutionGuid = {CD15353F-6B0B-4CBA-BAE0-54F2B4D75374}
	EndGlobalSection
EndGlobal
